
Microsoft Visual Studio Solution File, Format Version 12.00
# Visual Studio Version 17
VisualStudioVersion = 17.1.31903.286
MinimumVisualStudioVersion = 10.0.40219.1
Project("{9A19103F-16F7-4668-BE54-9A1E7A4F7556}") = "AoC Day 01", "AoC Day 01\AoC Day 01.csproj", "{5D485763-6DCE-4544-AD4D-F6E5E68862EC}"
EndProject
Project("{9A19103F-16F7-4668-BE54-9A1E7A4F7556}") = "Aoc Utilities", "Aoc Utilities\Aoc Utilities.csproj", "{F33C7C26-D975-4D07-BA3C-A5E2BD05EE8E}"
EndProject
Project("{9A19103F-16F7-4668-BE54-9A1E7A4F7556}") = "AoC Day 02", "AoC Day 02\AoC Day 02.csproj", "{4FEB0AF2-7765-4E89-9611-8CC80F5932E8}"
EndProject
Project("{9A19103F-16F7-4668-BE54-9A1E7A4F7556}") = "AoC Day 03", "AoC Day 03\AoC Day 03.csproj", "{2FACDCB2-1D9D-4B52-93F5-784199890FC3}"
EndProject
Project("{9A19103F-16F7-4668-BE54-9A1E7A4F7556}") = "AoC Day 04", "AoC Day 04\AoC Day 04.csproj", "{DB45A652-26AC-4556-A93B-91E16390621B}"
EndProject
Project("{9A19103F-16F7-4668-BE54-9A1E7A4F7556}") = "AoC Day 05", "AoC Day 05\AoC Day 05.csproj", "{151358E3-6B0E-463B-A4D6-98B4368B94D6}"
EndProject
Project("{9A19103F-16F7-4668-BE54-9A1E7A4F7556}") = "AoC Day 06", "AoC Day 06\AoC Day 06.csproj", "{9A180DF9-0380-4D8F-B784-95466F3F0794}"
EndProject
Project("{9A19103F-16F7-4668-BE54-9A1E7A4F7556}") = "AoC Day 07", "AoC Day 07\AoC Day 07.csproj", "{E0F34D20-B073-48FC-A57C-F49E3FE490D0}"
EndProject
Project("{9A19103F-16F7-4668-BE54-9A1E7A4F7556}") = "AoC Day 08", "AoC Day 08\AoC Day 08.csproj", "{E4DC6F36-68DF-4164-BA3A-B0311A01BC9D}"
EndProject
Project("{9A19103F-16F7-4668-BE54-9A1E7A4F7556}") = "AoC Day 09", "AoC Day 09\AoC Day 09.csproj", "{5A4D1A36-C328-426C-9821-2B2C9459E4A7}"
EndProject
Project("{9A19103F-16F7-4668-BE54-9A1E7A4F7556}") = "AoC Day 10", "AoC Day 10\AoC Day 10.csproj", "{06418846-A65B-48C3-AB7C-5721FAE0FA6C}"
EndProject
Project("{9A19103F-16F7-4668-BE54-9A1E7A4F7556}") = "AoC Day 11", "AoC Day 11\AoC Day 11.csproj", "{99A8E182-EAD9-4E08-A8B0-510C26BF7128}"
EndProject
Project("{9A19103F-16F7-4668-BE54-9A1E7A4F7556}") = "AoC Day 12", "AoC Day 12\AoC Day 12.csproj", "{E80A2D31-E309-452F-8DFA-EE52B11D5B4E}"
EndProject
Project("{9A19103F-16F7-4668-BE54-9A1E7A4F7556}") = "AoC Day 13", "AoC Day 13\AoC Day 13.csproj", "{60F2B5BB-D26D-40E7-9CED-0973BDD233D2}"
EndProject
Project("{FAE04EC0-301F-11D3-BF4B-00C04F79EFBC}") = "AoC Day 14", "AoC Day 14\AoC Day 14.csproj", "{D21DDAC6-70DA-4A92-88E7-F2194206ACF4}"
EndProject
Project("{FAE04EC0-301F-11D3-BF4B-00C04F79EFBC}") = "AoC Day 15", "AoC Day 15\AoC Day 15.csproj", "{242E5CFD-3FE9-493E-B59A-ECB441E848C4}"
EndProject
Global
	GlobalSection(SolutionConfigurationPlatforms) = preSolution
		Debug|Any CPU = Debug|Any CPU
		Release|Any CPU = Release|Any CPU
	EndGlobalSection
	GlobalSection(ProjectConfigurationPlatforms) = postSolution
		{5D485763-6DCE-4544-AD4D-F6E5E68862EC}.Debug|Any CPU.ActiveCfg = Debug|Any CPU
		{5D485763-6DCE-4544-AD4D-F6E5E68862EC}.Debug|Any CPU.Build.0 = Debug|Any CPU
		{5D485763-6DCE-4544-AD4D-F6E5E68862EC}.Release|Any CPU.ActiveCfg = Release|Any CPU
		{5D485763-6DCE-4544-AD4D-F6E5E68862EC}.Release|Any CPU.Build.0 = Release|Any CPU
		{F33C7C26-D975-4D07-BA3C-A5E2BD05EE8E}.Debug|Any CPU.ActiveCfg = Debug|Any CPU
		{F33C7C26-D975-4D07-BA3C-A5E2BD05EE8E}.Debug|Any CPU.Build.0 = Debug|Any CPU
		{F33C7C26-D975-4D07-BA3C-A5E2BD05EE8E}.Release|Any CPU.ActiveCfg = Release|Any CPU
		{F33C7C26-D975-4D07-BA3C-A5E2BD05EE8E}.Release|Any CPU.Build.0 = Release|Any CPU
		{4FEB0AF2-7765-4E89-9611-8CC80F5932E8}.Debug|Any CPU.ActiveCfg = Debug|Any CPU
		{4FEB0AF2-7765-4E89-9611-8CC80F5932E8}.Debug|Any CPU.Build.0 = Debug|Any CPU
		{4FEB0AF2-7765-4E89-9611-8CC80F5932E8}.Release|Any CPU.ActiveCfg = Release|Any CPU
		{4FEB0AF2-7765-4E89-9611-8CC80F5932E8}.Release|Any CPU.Build.0 = Release|Any CPU
		{2FACDCB2-1D9D-4B52-93F5-784199890FC3}.Debug|Any CPU.ActiveCfg = Debug|Any CPU
		{2FACDCB2-1D9D-4B52-93F5-784199890FC3}.Debug|Any CPU.Build.0 = Debug|Any CPU
		{2FACDCB2-1D9D-4B52-93F5-784199890FC3}.Release|Any CPU.ActiveCfg = Release|Any CPU
		{2FACDCB2-1D9D-4B52-93F5-784199890FC3}.Release|Any CPU.Build.0 = Release|Any CPU
		{DB45A652-26AC-4556-A93B-91E16390621B}.Debug|Any CPU.ActiveCfg = Debug|Any CPU
		{DB45A652-26AC-4556-A93B-91E16390621B}.Debug|Any CPU.Build.0 = Debug|Any CPU
		{DB45A652-26AC-4556-A93B-91E16390621B}.Release|Any CPU.ActiveCfg = Release|Any CPU
		{DB45A652-26AC-4556-A93B-91E16390621B}.Release|Any CPU.Build.0 = Release|Any CPU
		{151358E3-6B0E-463B-A4D6-98B4368B94D6}.Debug|Any CPU.ActiveCfg = Debug|Any CPU
		{151358E3-6B0E-463B-A4D6-98B4368B94D6}.Debug|Any CPU.Build.0 = Debug|Any CPU
		{151358E3-6B0E-463B-A4D6-98B4368B94D6}.Release|Any CPU.ActiveCfg = Release|Any CPU
		{151358E3-6B0E-463B-A4D6-98B4368B94D6}.Release|Any CPU.Build.0 = Release|Any CPU
		{9A180DF9-0380-4D8F-B784-95466F3F0794}.Debug|Any CPU.ActiveCfg = Debug|Any CPU
		{9A180DF9-0380-4D8F-B784-95466F3F0794}.Debug|Any CPU.Build.0 = Debug|Any CPU
		{9A180DF9-0380-4D8F-B784-95466F3F0794}.Release|Any CPU.ActiveCfg = Release|Any CPU
		{9A180DF9-0380-4D8F-B784-95466F3F0794}.Release|Any CPU.Build.0 = Release|Any CPU
		{E0F34D20-B073-48FC-A57C-F49E3FE490D0}.Debug|Any CPU.ActiveCfg = Debug|Any CPU
		{E0F34D20-B073-48FC-A57C-F49E3FE490D0}.Debug|Any CPU.Build.0 = Debug|Any CPU
		{E0F34D20-B073-48FC-A57C-F49E3FE490D0}.Release|Any CPU.ActiveCfg = Release|Any CPU
		{E0F34D20-B073-48FC-A57C-F49E3FE490D0}.Release|Any CPU.Build.0 = Release|Any CPU
		{E4DC6F36-68DF-4164-BA3A-B0311A01BC9D}.Debug|Any CPU.ActiveCfg = Debug|Any CPU
		{E4DC6F36-68DF-4164-BA3A-B0311A01BC9D}.Debug|Any CPU.Build.0 = Debug|Any CPU
		{E4DC6F36-68DF-4164-BA3A-B0311A01BC9D}.Release|Any CPU.ActiveCfg = Release|Any CPU
		{E4DC6F36-68DF-4164-BA3A-B0311A01BC9D}.Release|Any CPU.Build.0 = Release|Any CPU
		{5A4D1A36-C328-426C-9821-2B2C9459E4A7}.Debug|Any CPU.ActiveCfg = Debug|Any CPU
		{5A4D1A36-C328-426C-9821-2B2C9459E4A7}.Debug|Any CPU.Build.0 = Debug|Any CPU
		{5A4D1A36-C328-426C-9821-2B2C9459E4A7}.Release|Any CPU.ActiveCfg = Release|Any CPU
		{5A4D1A36-C328-426C-9821-2B2C9459E4A7}.Release|Any CPU.Build.0 = Release|Any CPU
		{06418846-A65B-48C3-AB7C-5721FAE0FA6C}.Debug|Any CPU.ActiveCfg = Debug|Any CPU
		{06418846-A65B-48C3-AB7C-5721FAE0FA6C}.Debug|Any CPU.Build.0 = Debug|Any CPU
		{06418846-A65B-48C3-AB7C-5721FAE0FA6C}.Release|Any CPU.ActiveCfg = Release|Any CPU
		{06418846-A65B-48C3-AB7C-5721FAE0FA6C}.Release|Any CPU.Build.0 = Release|Any CPU
		{99A8E182-EAD9-4E08-A8B0-510C26BF7128}.Debug|Any CPU.ActiveCfg = Debug|Any CPU
		{99A8E182-EAD9-4E08-A8B0-510C26BF7128}.Debug|Any CPU.Build.0 = Debug|Any CPU
		{99A8E182-EAD9-4E08-A8B0-510C26BF7128}.Release|Any CPU.ActiveCfg = Release|Any CPU
		{99A8E182-EAD9-4E08-A8B0-510C26BF7128}.Release|Any CPU.Build.0 = Release|Any CPU
		{E80A2D31-E309-452F-8DFA-EE52B11D5B4E}.Debug|Any CPU.ActiveCfg = Debug|Any CPU
		{E80A2D31-E309-452F-8DFA-EE52B11D5B4E}.Debug|Any CPU.Build.0 = Debug|Any CPU
		{E80A2D31-E309-452F-8DFA-EE52B11D5B4E}.Release|Any CPU.ActiveCfg = Release|Any CPU
		{E80A2D31-E309-452F-8DFA-EE52B11D5B4E}.Release|Any CPU.Build.0 = Release|Any CPU
		{60F2B5BB-D26D-40E7-9CED-0973BDD233D2}.Debug|Any CPU.ActiveCfg = Debug|Any CPU
		{60F2B5BB-D26D-40E7-9CED-0973BDD233D2}.Debug|Any CPU.Build.0 = Debug|Any CPU
		{60F2B5BB-D26D-40E7-9CED-0973BDD233D2}.Release|Any CPU.ActiveCfg = Release|Any CPU
		{60F2B5BB-D26D-40E7-9CED-0973BDD233D2}.Release|Any CPU.Build.0 = Release|Any CPU
		{D21DDAC6-70DA-4A92-88E7-F2194206ACF4}.Debug|Any CPU.ActiveCfg = Debug|Any CPU
		{D21DDAC6-70DA-4A92-88E7-F2194206ACF4}.Debug|Any CPU.Build.0 = Debug|Any CPU
		{D21DDAC6-70DA-4A92-88E7-F2194206ACF4}.Release|Any CPU.ActiveCfg = Release|Any CPU
		{D21DDAC6-70DA-4A92-88E7-F2194206ACF4}.Release|Any CPU.Build.0 = Release|Any CPU
		{242E5CFD-3FE9-493E-B59A-ECB441E848C4}.Debug|Any CPU.ActiveCfg = Debug|Any CPU
		{242E5CFD-3FE9-493E-B59A-ECB441E848C4}.Debug|Any CPU.Build.0 = Debug|Any CPU
		{242E5CFD-3FE9-493E-B59A-ECB441E848C4}.Release|Any CPU.ActiveCfg = Release|Any CPU
		{242E5CFD-3FE9-493E-B59A-ECB441E848C4}.Release|Any CPU.Build.0 = Release|Any CPU
	EndGlobalSection
	GlobalSection(SolutionProperties) = preSolution
		HideSolutionNode = FALSE
	EndGlobalSection
	GlobalSection(ExtensibilityGlobals) = postSolution
		SolutionGuid = {2B65D6F1-EA44-4E7D-92C5-260C2E46EB50}
	EndGlobalSection
EndGlobal
